{
  "version": 4,
  "terraform_version": "1.1.4",
  "serial": 9,
  "lineage": "58a647dd-208d-655c-404c-5352f9bb63d2",
  "outputs": {
    "external_ip_address_app": {
      "value": "178.154.226.151",
      "type": "string"
    }
  },
  "resources": [
    {
      "mode": "managed",
      "type": "yandex_compute_instance",
      "name": "gitlab",
      "provider": "provider[\"registry.terraform.io/yandex-cloud/yandex\"]",
      "instances": [
        {
          "schema_version": 1,
          "attributes": {
            "allow_stopping_for_update": null,
            "boot_disk": [
              {
                "auto_delete": true,
                "device_name": "fhmiiohaeb6mn1d3335v",
                "disk_id": "fhmiiohaeb6mn1d3335v",
                "initialize_params": [
                  {
                    "block_size": 4096,
                    "description": "",
                    "image_id": "fd8mfc6omiki5govl68h",
                    "name": "",
                    "size": 50,
                    "snapshot_id": "",
                    "type": "network-hdd"
                  }
                ],
                "mode": "READ_WRITE"
              }
            ],
            "created_at": "2022-03-17T12:34:33Z",
            "description": "",
            "folder_id": "b1gmo4orlghttgo1fqua",
            "fqdn": "fhmug6pfjcsulblsadt7.auto.internal",
            "hostname": "fhmug6pfjcsulblsadt7",
            "id": "fhmug6pfjcsulblsadt7",
            "labels": null,
            "metadata": {
              "ssh-keys": "ubuntu:ssh-rsa AAAAB3NzaC1yc2EAAAADAQABAAABgQDTnyo8bnmGQtMVM73SOSMKT/1HypZc4RG/4EV9PNYDlVR84fo1Zj671J42r0hcGDgIIYE0LCjHe/xu872dLumAjTbn7efMWvrHDgK2oRoWcCfgv7EPa569wYL74TW9/2P9oMmv/goWZuG+qmqui7efhk/Nr0b+vLzYy5pzv90PSh01uySa+H+TIaLrCmB+ps6DugxFeCeYhQnQAiWweBJiImZvtU4KfLDGVh2o8m7JvaA/zFBFzKKgV1uDWuSTS8XqI0FFgEkitjYJhthcnkwYUYNznu2SEbBtmTQJ9JvD87ZfTcP+Qwcd89YoJUUbuFy7Wv/RPlM7a+OXMLIJnG1A9Le7Ax3gOKATEddT7hvjl9FitAsuFvjzpE2yqMMAkgnS93HWpDqyuD2wlZciVN+3ScBtySgxmcHgQxX+EL7xNvNHlLpJetxti4nnCOhiMNltWBcy515OBiSDiGQbXxdRJGg0NyMsdadxSrMiu/9atLZsfOD4bzAGcHudkfdGTS0= homejohn@johns-MacBook-Air.local\n"
            },
            "name": "gitlab",
            "network_acceleration_type": "standard",
            "network_interface": [
              {
                "dns_record": [],
                "index": 0,
                "ip_address": "10.128.0.20",
                "ipv4": true,
                "ipv6": false,
                "ipv6_address": "",
                "ipv6_dns_record": [],
                "mac_address": "d0:0d:1e:81:b2:f9",
                "nat": true,
                "nat_dns_record": [],
                "nat_ip_address": "178.154.226.151",
                "nat_ip_version": "IPV4",
                "security_group_ids": [],
                "subnet_id": "e9bvlnoa5ii1sp8bhcc1"
              }
            ],
            "placement_policy": [
              {
                "placement_group_id": ""
              }
            ],
            "platform_id": "standard-v1",
            "resources": [
              {
                "core_fraction": 100,
                "cores": 2,
                "gpus": 0,
                "memory": 4
              }
            ],
            "scheduling_policy": [
              {
                "preemptible": false
              }
            ],
            "secondary_disk": [],
            "service_account_id": "",
            "status": "running",
            "timeouts": null,
            "zone": "ru-central1-a"
          },
          "sensitive_attributes": [],
          "private": "eyJlMmJmYjczMC1lY2FhLTExZTYtOGY4OC0zNDM2M2JjN2M0YzAiOnsiY3JlYXRlIjozMDAwMDAwMDAwMDAsImRlbGV0ZSI6MzAwMDAwMDAwMDAwLCJ1cGRhdGUiOjMwMDAwMDAwMDAwMH0sInNjaGVtYV92ZXJzaW9uIjoiMSJ9"
        }
      ]
    }
  ]
}
